lockfileVersion: '9.0'

settings:
  autoInstallPeers: true
  excludeLinksFromLockfile: false

importers:

  .:
    dependencies:
      '@amplitude/unified':
        specifier: ^1.1.20
        version: 1.1.20(@amplitude/rrweb@2.1.3)

packages:

  '@amplitude/analytics-browser@2.44.4':
    resolution: {integrity: sha512-ufSnQKiMoo54u+jTteOz5LHPrjiK4VO2iWliwEeUqXLLuBI9R+jp7dK1H1k9EpFmfMIljo+8Xoy0OVKk74pvqg==}

  '@amplitude/analytics-client-common@2.4.52':
    resolution: {integrity: sha512-/lyvDILIEi+9n3GPLMGNioVxbbAMI2SrF9ftqU+CwuNzssmdO3itDUwWKQEAuRu15ecFoAz+ovrZZ8U1oMisWw==}

  '@amplitude/analytics-connector@1.6.4':
    resolution: {integrity: sha512-SpIv0IQMNIq6SH3UqFGiaZyGSc7PBZwRdq7lvP0pBxW8i4Ny+8zwI0pV+VMfMHQwWY3wdIbWw5WQphNjpdq1/Q==}

  '@amplitude/analytics-core@2.52.0':
    resolution: {integrity: sha512-L1If4vznYDdZlcM1sY0BO2BvF9JpLe1G8OlUNttShDECgfVqHvyHlYPP0/Fa3GfW/MDl/xDZlo8loOLg8kGUpQ==}

  '@amplitude/analytics-types@1.4.0':
    resolution: {integrity: sha512-RiMPHBqdrJ8ktTqG+Wzj2htnN/PCG9jGZG0SXtTFnWwVvcAJYbYm55/nrP1TTyrx1OlLhvF2VG3lVUP/xGAU8w==}

  '@amplitude/analytics-types@2.11.1':
    resolution: {integrity: sha512-wFEgb0t99ly2uJKm5oZ28Lti0Kh5RecR5XBkwfUpDzn84IoCIZ8GJTsMw/nThu8FZFc7xFDA4UAt76zhZKrs9A==}

  '@amplitude/element-selector@0.2.0':
    resolution: {integrity: sha512-xT+EuBpEdjDPn6t90wYF2Tr+mr/wqK4bK7RHV6Oykr/vNsOt7/JP31atdH6LR0WbSP4hV75pTTya/DnbFTA6bA==}

  '@amplitude/engagement-browser@1.0.10':
    resolution: {integrity: sha512-sv8ei+Xy2qMs31lvW3bJCOZBg8LRuorAxlzM8fmh3FyVaRMbs5WyQGaWSfJ8y5tqmllJnLfbBS5R38Mv6G3h7w==}

  '@amplitude/experiment-core@0.13.3':
    resolution: {integrity: sha512-iBFaiTr5BYiUAe8NcAnJ39pe1vqPHq3638E6FTYocoRIh5zryzYQvfqE7mhDNcCj7OUm4IJ3DFq8EVNqqlcnUw==}

  '@amplitude/experiment-core@0.7.2':
    resolution: {integrity: sha512-Wc2NWvgQ+bLJLeF0A9wBSPIaw0XuqqgkPKsoNFQrmS7r5Djd56um75In05tqmVntPJZRvGKU46pAp8o5tdf4mA==}

  '@amplitude/experiment-js-client@1.21.2':
    resolution: {integrity: sha512-+xCGEXna2T7kXY3EaHfvKjDya5m1oMM/p96ARXKYH94zhdFtjtMEMVtc82Fwj2M7R6Hlvwl4hFz/ai7xnGQe3Q==}

  '@amplitude/plugin-autocapture-browser@1.28.2':
    resolution: {integrity: sha512-NWtOVB5qFy39kGaawBjk9gyqEFndm7Le7unkV0dX7R502RHX7006cdSg9Hc3XqaQ+bMjseOlTOiPJWjhScxsmQ==}

  '@amplitude/plugin-custom-enrichment-browser@0.1.13':
    resolution: {integrity: sha512-Bn0yXBzt1aUEOlN6eogrwAMKRIUYZj5PMWRcXPg3HWUap9Ou8eCMcHePCpKtlWXeqnoPF+9Pour1Ve+sxHdhbA==}

  '@amplitude/plugin-event-property-attribution-browser@0.2.5':
    resolution: {integrity: sha512-PtiIVmrlrHpSqexSJuGyijamLtYq+cBQSTPWLYHRie4tOzZ1JLHXGwhgb+MzMsTRECHEI4oGeTfydMXcMTPl9w==}

  '@amplitude/plugin-experiment-browser@1.0.0-beta.32':
    resolution: {integrity: sha512-kgqBeqqusQOZWssdNnhPjhWQn87xfNj9LHQMKRC4wgri7k1nhIAh2fwNMih9YVRk0scl26lsUqRFwOqkKh6wng==}

  '@amplitude/plugin-network-capture-browser@1.10.5':
    resolution: {integrity: sha512-lyH775bBfH3HbyCv6di6l8PyH/2rOUEEnlJNX4ZXi5XC046U2nbfDu1dohwYm+zwuXqsDzxEoIhKxwnPy5cbqA==}

  '@amplitude/plugin-page-url-enrichment-browser@0.7.15':
    resolution: {integrity: sha512-RTRUFW3BJySXvU+lyM3TLp3+XA3xqqtMK9kDD19AH1EFsD68uuyK1iNInMekTLEH0iDMe4hFDlkTFfEF+xTO3A==}

  '@amplitude/plugin-page-view-tracking-browser@2.11.5':
    resolution: {integrity: sha512-3FIw6n1gxqPPsNH+lO5vtwt6WRrd3KXeOV78CzCUkI/Qvf0za8gjCZhS1ssPB135hkSfHPv35KPV6GitdB5KrA==}

  '@amplitude/plugin-session-replay-browser@1.33.0':
    resolution: {integrity: sha512-sXEjk2VZpIqDPQ6Mtl7YpZ1DkojlDbvogk9vSHFQCCJFg5xO4obg52zR5iK/0cHfRaUgK7a8pXPr8jkk5OnEmQ==}

  '@amplitude/plugin-web-vitals-browser@1.1.37':
    resolution: {integrity: sha512-0ZMe6Ljc/lIq/F/QXh0fqLgxvoRPXfU1m2OaTYB755WAs69/q3BQvikNxaN38o29fZhanlnj2vLcl7qIEYhd7w==}

  '@amplitude/rrdom@2.1.2':
    resolution: {integrity: sha512-jIjDnuZGW7f4Nb7jxbQG7wz4bcS6rIkHeneLgF5EFj5o7O2kJu7tw0z7PND9eo982nSswiHb56mkAfGcue911Q==}

  '@amplitude/rrweb-packer@2.0.0-alpha.40':
    resolution: {integrity: sha512-Btb6b9pS1IvDMbvyYxpUdTk9NRJugSoJjRCl7R6jP/iSlPWXoveJIwHaNFAS9ZmWUEK7HhyBJ8bKGFN3giUsDg==}

  '@amplitude/rrweb-plugin-console-record@2.0.0-alpha.40':
    resolution: {integrity: sha512-vtY7T/kGFl62nC1u7ZUXQvU7ulB70cZGVHPRN/SO9fzVfsY7y6rCmBfoc2jS5KmISdlgkVzMjY2r/EE2Gk9AQA==}
    peerDependencies:
      '@amplitude/rrweb': ^2.0.0-alpha.40

  '@amplitude/rrweb-record@2.0.0-alpha.40':
    resolution: {integrity: sha512-5cJhQwzhymJWX5/XOtpWK0h2NLq9+t2YiO6ub0cdZ9F5AZizaRbsVH88int07DfX0YiXTKWbISezVuduCLqgSQ==}

  '@amplitude/rrweb-snapshot@2.1.2':
    resolution: {integrity: sha512-xdASm3wP2hHnEZL6Y0+uFO7rBCRYadKIRLwVJewpln+BHj+F96GGfw2JmsZx4J/5a+kXRFgtajp9mEboy3dyxw==}

  '@amplitude/rrweb-types@2.0.0-alpha.40':
    resolution: {integrity: sha512-rP7CBDkzXupxOA7ukvC+zDYLuCtsz54TuJKC4+5O72Jsz4YdokLznKZRG34P6zXozfhGU0261qckk87lLY6mKQ==}

  '@amplitude/rrweb-types@2.1.2':
    resolution: {integrity: sha512-HvzZpWGigXGXmtGntyDoNbk6i2YO89wrFV1tkILns7R4ECntsNsXzwP72oyWYVpONvU/x0xM5oe6/rzv4L29BQ==}

  '@amplitude/rrweb-utils@2.0.0-alpha.40':
    resolution: {integrity: sha512-i1CCt6MCjlqoeNc+1Hse5bz+ZbASaWaIJ0WdJZvnQjUCHH29Xy/QFouyOuor73RZ+UWX4s2tYSrUIdmBepXk3w==}

  '@amplitude/rrweb-utils@2.1.2':
    resolution: {integrity: sha512-FRiJj7h1ziiWqW9hbmr1PfQoCgpX7zxhqVdlVaFE9NkqzXlePmStjOgkBLNnz/WbBD0A4pZp26o9Cy0he47Qwg==}

  '@amplitude/rrweb@2.1.3':
    resolution: {integrity: sha512-K/+ob14aDZ3tYhW/PAz4mQp+Ikr8H7qvepGgNRPhm4bG3sztsdnWhz+eK7xEcx05l+RIo0MYAp3+GXE5mDYM9w==}

  '@amplitude/session-replay-browser@1.47.0':
    resolution: {integrity: sha512-7AUsDqklUUvdHvQ6Br+jgvkKZ8Pl5euh+hR0miW3rZy5SgDnBkgfovCbHifPYjA9SCIoF5i4/cckjFTjieSOiA==}

  '@amplitude/targeting@0.3.2':
    resolution: {integrity: sha512-Mf+lO1KylBdyyaeQgJe4jaSTvFqnnW5jt5WiDOyIxKqqTGt4+1RS7wTJDlJBWXoSrWdkxJftei8WFWmXFDsErg==}

  '@amplitude/ua-parser-js@0.7.33':
    resolution: {integrity: sha512-wKEtVR4vXuPT9cVEIJkYWnlF++Gx3BdLatPBM+SZ1ztVIvnhdGBZR/mn9x/PzyrMcRlZmyi6L56I2J3doVBnjA==}

  '@amplitude/unified@1.1.20':
    resolution: {integrity: sha512-bERI+GnQeTyc4ICDFO0gg6dnCo1UcDI7c47gZjxNGji5MekRc31/rNnSKkRZjGVTlxVG8BCj7V8M5okK6RWtUg==}

  '@jridgewell/sourcemap-codec@1.5.5':
    resolution: {integrity: sha512-cYQ9310grqxueWbl+WuIUIaiUaDcj7WOq5fVhEljNVgRfOUhY9fy2zTvfoqWsnebh8Sl70VScFbICvJnLKB0Og==}

  '@rollup/plugin-replace@6.0.3':
    resolution: {integrity: sha512-J4RZarRvQAm5IF0/LwUUg+obsm+xZhYnbMXmXROyoSE1ATJe3oXSb9L5MMppdxP2ylNSjv6zFBwKYjcKMucVfA==}
    engines: {node: '>=14.0.0'}
    peerDependencies:
      rollup: ^1.20.0||^2.0.0||^3.0.0||^4.0.0
    peerDependenciesMeta:
      rollup:
        optional: true

  '@rollup/pluginutils@5.4.0':
    resolution: {integrity: sha512-MfPp06CjRLfXQ3wY0R8vJDYBy/MvVcc9OulEfR0B8Iv9ko+GCNaRZ+EpJYFl27LhKsZK0o420sYCRHCjfCgeUg==}
    engines: {node: '>=14.0.0'}
    peerDependencies:
      rollup: ^1.20.0||^2.0.0||^3.0.0||^4.0.0
    peerDependenciesMeta:
      rollup:
        optional: true

  '@types/css-font-loading-module@0.0.7':
    resolution: {integrity: sha512-nl09VhutdjINdWyXxHWN/w9zlNCfr60JUqJbd24YXUuCwgeL0TpFSdElCwb6cxfB6ybE19Gjj4g0jsgkXxKv1Q==}

  '@types/estree@1.0.9':
    resolution: {integrity: sha512-GhdPgy1el4/ImP05X05Uw4cw2/M93BCUmnEvWZNStlCzEKME4Fkk+YpoA5OiHNQmoS7Cafb8Xa3Pya8m1Qrzeg==}

  '@types/zen-observable@0.8.3':
    resolution: {integrity: sha512-fbF6oTd4sGGy0xjHPKAt+eS2CrxJ3+6gQ3FGcBoIJR2TLAyCkCyI8JqZNy+FeON0AhVgNJoUumVoZQjBFUqHkw==}

  '@xstate/fsm@1.6.5':
    resolution: {integrity: sha512-b5o1I6aLNeYlU/3CPlj/Z91ybk1gUsKT+5NAJI+2W4UjvS5KLG28K9v5UvNoFVjHV8PajVZ00RH3vnjyQO7ZAw==}

  base64-arraybuffer@1.0.2:
    resolution: {integrity: sha512-I3yl4r9QB5ZRY3XuJVEPfc2XhZO6YweFPI+UovAzn+8/hb3oJ6lnysaFcjVpkCPfVWFUDvoZ8kmVDP7WyRtYtQ==}
    engines: {node: '>= 0.6.0'}

  base64-js@1.5.1:
    resolution: {integrity: sha512-AKpaYlHn8t4SVbOHCy+b5+KKgvR4vrsD8vbvrbiQJps7fKDTkjkDry6ji0rUJjC0kzbNePLwzxq8iypo41qeWA==}

  estree-walker@2.0.2:
    resolution: {integrity: sha512-Rfkk/Mp/DL7JVje3u18FxFujQlTNR2q6QfMSMB7AvCBx91NGj/ba3kCfza0f6dVDbw7YlRf/nDrn7pQrCCyQ/w==}

  fflate@0.4.8:
    resolution: {integrity: sha512-FJqqoDBR00Mdj9ppamLa/Y7vxm+PRmNWA67N846RvsoYVMKB4q3y/de5PA7gUmRMYK/8CMz2GDZQmCRN1wBcWA==}

  idb-keyval@6.2.6:
    resolution: {integrity: sha512-FY64UEhw+5liMzMQ1R9Mw6AF0+wyBrg1CIA1z4CjI/EvT5ty/SvQcWZgd8s9sgaNhX10Y8UzScTh89tEAls5nA==}

  idb@8.0.0:
    resolution: {integrity: sha512-l//qvlAKGmQO31Qn7xdzagVPPaHTxXx199MhrAFuVBTPqydcPYBWjkrbv4Y0ktB+GmWOiwHl237UUOrLmQxLvw==}

  js-base64@3.8.0:
    resolution: {integrity: sha512-65kvbemyZhj+ExQt1PEFyBEjL5vAHysu1lJdW1AwhhChkO8ZBPizYk/m9GVrpbS2Je1hF+UYZ+6KywqtZV8mHw==}

  magic-string@0.30.21:
    resolution: {integrity: sha512-vd2F4YUyEXKGcLHoq+TEyCjxueSeHnFxyyjNp80yg0XV4vUhnDer/lvvlqM/arB5bXQN5K2/3oinyCRyx8T2CQ==}

  mitt@3.0.1:
    resolution: {integrity: sha512-vKivATfr97l2/QBCYAkXYDbrIWPM2IIKEl7YPhjCvKlG3kE2gm+uBo6nEXK3M5/Ffh/FLpKExzOQ3JJoJGFKBw==}

  nanoid@3.3.15:
    resolution: {integrity: sha512-y7Wygv/7mEOvxTuEQDB8StXdMRBWf1kR/tlhAzBRUFkB2jfcLOAxO/SHmOO2zgz1pVgK29/kyupn059/bCHdjA==}
    engines: {node: ^10 || ^12 || ^13.7 || ^14 || >=15.0.1}
    hasBin: true

  picocolors@1.1.1:
    resolution: {integrity: sha512-xceH2snhtb5M9liqDsmEw56le376mTZkEX/jEb/RxNFyegNul7eNslCXP9FDj/Lcu0X8KEyMceP2ntpaHrDEVA==}

  picomatch@4.0.5:
    resolution: {integrity: sha512-RvwwcruNjI1ncT5xRakeyS9Lf8lcItv34KD+aif+VH9kduAyfYBipGh12274xtenIPZ119/R9BdTBa8gAwSh0A==}
    engines: {node: '>=12'}

  postcss@8.5.16:
    resolution: {integrity: sha512-vuwillviilfKZsg0VGj5R/YwwcHx4SLsIOI/7K6mQkWx+l5cUHTjj5g0AasTBcyXsbfTgrwsUNmVUb5xVwyPwg==}
    engines: {node: ^10 || ^12 || >=14}

  safe-json-stringify@1.2.0:
    resolution: {integrity: sha512-gH8eh2nZudPQO6TytOvbxnuhYBOvDBBLW52tz5q6X58lJcd/tkmqFR+5Z9adS8aJtURSXWThWy/xJtJwixErvg==}

  source-map-js@1.2.1:
    resolution: {integrity: sha512-UXWMKhLOwVKb728IUtQPXxfYU+usdybtUrK/8uGE8CQMvrhOpwvzDBwj0QhSL7MQc7vIsISBG8VQ8+IDQxpfQA==}
    engines: {node: '>=0.10.0'}

  tslib@2.8.1:
    resolution: {integrity: sha512-oJFu94HQb+KVduSUQL7wnpmqnfmLsOA/nAh6b6EH0wCEoK0/mPeXU6c3wKDV83MkOuHPRHtSXKKU99IBazS/2w==}

  unfetch@4.1.0:
    resolution: {integrity: sha512-crP/n3eAPUJxZXM9T80/yv0YhkTEx2K1D3h7D1AJM6fzsWZrxdyRuLN0JH/dkZh1LNH8LxCnBzoPFCPbb2iGpg==}

  web-vitals@5.1.0:
    resolution: {integrity: sha512-ArI3kx5jI0atlTtmV0fWU3fjpLmq/nD3Zr1iFFlJLaqa5wLBkUSzINwBPySCX/8jRyjlmy1Volw1kz1g9XE4Jg==}

  zen-observable@0.10.0:
    resolution: {integrity: sha512-iI3lT0iojZhKwT5DaFy2Ce42n3yFcLdFyOh01G7H0flMY60P8MJuVFEoJoNwXlmAyQ45GrjL6AcZmmlv8A5rbw==}

snapshots:

  '@amplitude/analytics-browser@2.44.4':
    dependencies:
      '@amplitude/analytics-core': 2.52.0
      '@amplitude/plugin-autocapture-browser': 1.28.2
      '@amplitude/plugin-custom-enrichment-browser': 0.1.13
      '@amplitude/plugin-event-property-attribution-browser': 0.2.5
      '@amplitude/plugin-network-capture-browser': 1.10.5
      '@amplitude/plugin-page-url-enrichment-browser': 0.7.15
      '@amplitude/plugin-page-view-tracking-browser': 2.11.5
      '@amplitude/plugin-web-vitals-browser': 1.1.37
      tslib: 2.8.1

  '@amplitude/analytics-client-common@2.4.52':
    dependencies:
      '@amplitude/analytics-connector': 1.6.4
      '@amplitude/analytics-core': 2.52.0
      '@amplitude/analytics-types': 2.11.1
      tslib: 2.8.1

  '@amplitude/analytics-connector@1.6.4': {}

  '@amplitude/analytics-core@2.52.0':
    dependencies:
      '@amplitude/analytics-connector': 1.6.4
      '@types/zen-observable': 0.8.3
      safe-json-stringify: 1.2.0
      tslib: 2.8.1
      zen-observable: 0.10.0

  '@amplitude/analytics-types@1.4.0': {}

  '@amplitude/analytics-types@2.11.1': {}

  '@amplitude/element-selector@0.2.0':
    dependencies:
      tslib: 2.8.1

  '@amplitude/engagement-browser@1.0.10':
    dependencies:
      '@amplitude/analytics-types': 1.4.0

  '@amplitude/experiment-core@0.13.3':
    dependencies:
      js-base64: 3.8.0

  '@amplitude/experiment-core@0.7.2':
    dependencies:
      js-base64: 3.8.0

  '@amplitude/experiment-js-client@1.21.2':
    dependencies:
      '@amplitude/analytics-connector': 1.6.4
      '@amplitude/experiment-core': 0.13.3
      '@amplitude/ua-parser-js': 0.7.33
      base64-js: 1.5.1
      unfetch: 4.1.0

  '@amplitude/plugin-autocapture-browser@1.28.2':
    dependencies:
      '@amplitude/analytics-core': 2.52.0
      '@amplitude/element-selector': 0.2.0
      tslib: 2.8.1

  '@amplitude/plugin-custom-enrichment-browser@0.1.13':
    dependencies:
      '@amplitude/analytics-core': 2.52.0
      tslib: 2.8.1

  '@amplitude/plugin-event-property-attribution-browser@0.2.5':
    dependencies:
      '@amplitude/analytics-core': 2.52.0
      tslib: 2.8.1

  '@amplitude/plugin-experiment-browser@1.0.0-beta.32':
    dependencies:
      '@amplitude/analytics-core': 2.52.0
      '@amplitude/experiment-js-client': 1.21.2

  '@amplitude/plugin-network-capture-browser@1.10.5':
    dependencies:
      '@amplitude/analytics-core': 2.52.0
      tslib: 2.8.1

  '@amplitude/plugin-page-url-enrichment-browser@0.7.15':
    dependencies:
      '@amplitude/analytics-core': 2.52.0
      tslib: 2.8.1

  '@amplitude/plugin-page-view-tracking-browser@2.11.5':
    dependencies:
      '@amplitude/analytics-core': 2.52.0
      tslib: 2.8.1

  '@amplitude/plugin-session-replay-browser@1.33.0(@amplitude/rrweb@2.1.3)':
    dependencies:
      '@amplitude/analytics-client-common': 2.4.52
      '@amplitude/analytics-core': 2.52.0
      '@amplitude/analytics-types': 2.11.1
      '@amplitude/rrweb-plugin-console-record': 2.0.0-alpha.40(@amplitude/rrweb@2.1.3)
      '@amplitude/rrweb-record': 2.0.0-alpha.40
      '@amplitude/session-replay-browser': 1.47.0(@amplitude/rrweb@2.1.3)
      idb-keyval: 6.2.6
      tslib: 2.8.1
    transitivePeerDependencies:
      - '@amplitude/rrweb'
      - rollup

  '@amplitude/plugin-web-vitals-browser@1.1.37':
    dependencies:
      '@amplitude/analytics-core': 2.52.0
      tslib: 2.8.1
      web-vitals: 5.1.0

  '@amplitude/rrdom@2.1.2':
    dependencies:
      '@amplitude/rrweb-snapshot': 2.1.2

  '@amplitude/rrweb-packer@2.0.0-alpha.40':
    dependencies:
      '@amplitude/rrweb-types': 2.0.0-alpha.40
      fflate: 0.4.8

  '@amplitude/rrweb-plugin-console-record@2.0.0-alpha.40(@amplitude/rrweb@2.1.3)':
    dependencies:
      '@amplitude/rrweb': 2.1.3

  '@amplitude/rrweb-record@2.0.0-alpha.40':
    dependencies:
      '@amplitude/rrweb': 2.1.3
      '@amplitude/rrweb-types': 2.1.2

  '@amplitude/rrweb-snapshot@2.1.2':
    dependencies:
      postcss: 8.5.16

  '@amplitude/rrweb-types@2.0.0-alpha.40': {}

  '@amplitude/rrweb-types@2.1.2': {}

  '@amplitude/rrweb-utils@2.0.0-alpha.40': {}

  '@amplitude/rrweb-utils@2.1.2': {}

  '@amplitude/rrweb@2.1.3':
    dependencies:
      '@amplitude/rrdom': 2.1.2
      '@amplitude/rrweb-snapshot': 2.1.2
      '@amplitude/rrweb-types': 2.1.2
      '@amplitude/rrweb-utils': 2.1.2
      '@types/css-font-loading-module': 0.0.7
      '@xstate/fsm': 1.6.5
      base64-arraybuffer: 1.0.2
      mitt: 3.0.1

  '@amplitude/session-replay-browser@1.47.0(@amplitude/rrweb@2.1.3)':
    dependencies:
      '@amplitude/analytics-client-common': 2.4.52
      '@amplitude/analytics-core': 2.52.0
      '@amplitude/analytics-types': 2.11.1
      '@amplitude/experiment-core': 0.7.2
      '@amplitude/rrweb-packer': 2.0.0-alpha.40
      '@amplitude/rrweb-plugin-console-record': 2.0.0-alpha.40(@amplitude/rrweb@2.1.3)
      '@amplitude/rrweb-record': 2.0.0-alpha.40
      '@amplitude/rrweb-types': 2.0.0-alpha.40
      '@amplitude/rrweb-utils': 2.0.0-alpha.40
      '@amplitude/targeting': 0.3.2
      '@rollup/plugin-replace': 6.0.3
      idb: 8.0.0
      tslib: 2.8.1
    transitivePeerDependencies:
      - '@amplitude/rrweb'
      - rollup

  '@amplitude/targeting@0.3.2':
    dependencies:
      '@amplitude/analytics-client-common': 2.4.52
      '@amplitude/analytics-core': 2.52.0
      '@amplitude/analytics-types': 2.11.1
      '@amplitude/experiment-core': 0.7.2
      idb: 8.0.0
      tslib: 2.8.1

  '@amplitude/ua-parser-js@0.7.33': {}

  '@amplitude/unified@1.1.20(@amplitude/rrweb@2.1.3)':
    dependencies:
      '@amplitude/analytics-browser': 2.44.4
      '@amplitude/analytics-core': 2.52.0
      '@amplitude/engagement-browser': 1.0.10
      '@amplitude/plugin-experiment-browser': 1.0.0-beta.32
      '@amplitude/plugin-session-replay-browser': 1.33.0(@amplitude/rrweb@2.1.3)
    transitivePeerDependencies:
      - '@amplitude/rrweb'
      - rollup

  '@jridgewell/sourcemap-codec@1.5.5': {}

  '@rollup/plugin-replace@6.0.3':
    dependencies:
      '@rollup/pluginutils': 5.4.0
      magic-string: 0.30.21

  '@rollup/pluginutils@5.4.0':
    dependencies:
      '@types/estree': 1.0.9
      estree-walker: 2.0.2
      picomatch: 4.0.5

  '@types/css-font-loading-module@0.0.7': {}

  '@types/estree@1.0.9': {}

  '@types/zen-observable@0.8.3': {}

  '@xstate/fsm@1.6.5': {}

  base64-arraybuffer@1.0.2: {}

  base64-js@1.5.1: {}

  estree-walker@2.0.2: {}

  fflate@0.4.8: {}

  idb-keyval@6.2.6: {}

  idb@8.0.0: {}

  js-base64@3.8.0: {}

  magic-string@0.30.21:
    dependencies:
      '@jridgewell/sourcemap-codec': 1.5.5

  mitt@3.0.1: {}

  nanoid@3.3.15: {}

  picocolors@1.1.1: {}

  picomatch@4.0.5: {}

  postcss@8.5.16:
    dependencies:
      nanoid: 3.3.15
      picocolors: 1.1.1
      source-map-js: 1.2.1

  safe-json-stringify@1.2.0: {}

  source-map-js@1.2.1: {}

  tslib@2.8.1: {}

  unfetch@4.1.0: {}

  web-vitals@5.1.0: {}

  zen-observable@0.10.0: {}
